dependencies:
  espressif/cmake_utilities:
    component_hash: 351350613ceafba240b761b4ea991e0f231ac7a9f59a9ee901f751bddc0bb18f
    dependencies:
    - name: idf
      require: private
      version: '>=4.1'
    source:
      registry_url: https://components.espressif.com
      type: service
    version: 0.5.3
  espressif/esp-modbus:
    component_hash: a52eabcf5e1f81f16f730c70981e69338ea33aee9c44fa512c644d1d8942aa16
    dependencies:
    - name: idf
      require: private
      version: '>=5.0'
    source:
      registry_url: https://components.espressif.com/
      type: service
    version: 2.1.3
  espressif/esp_io_expander:
    component_hash: 7b7f91270172e46ca4597e3874f48d8412e280e8c295559f5922ec38656e3e5f
    dependencies:
    - name: idf
      require: private
      version: '>=4.4.2'
    source:
      registry_url: https://components.espressif.com
      type: service
    version: 1.2.1
  espressif/esp_lcd_panel_io_additions:
    component_hash: 213d5c4a3c322a48c9f993d6bc2372206d34af95db34e87a3e02601bdcad7ce8
    dependencies:
    - name: idf
      require: private
      version: '>=4.4.2'
    - name: espressif/cmake_utilities
      registry_url: https://components.espressif.com
      require: private
      version: 0.*
    - name: espressif/esp_io_expander
      registry_url: https://components.espressif.com
      require: public
      version: ^1
    source:
      registry_url: https://components.espressif.com/
      type: service
    version: 1.0.1
  espressif/esp_lcd_st7701:
    component_hash: a1a56fb9e3b43b89e2a0e73e4e0f332daf38f7fff9228223670fe9243cdd48a1
    dependencies:
    - name: idf
      require: private
      version: '>5.0.4,!=5.1.1'
    - name: espressif/cmake_utilities
      registry_url: https://components.espressif.com
      require: private
      version: 0.*
    source:
      registry_url: https://components.espressif.com/
      type: service
    targets:
    - esp32s3
    - esp32p4
    version: 1.1.0
  espressif/esp_lcd_touch:
    component_hash: 3f85a7d95af876f1a6ecca8eb90a81614890d0f03a038390804e5a77e2caf862
    dependencies:
    - name: idf
      require: private
      version: '>=4.4.2'
    source:
      registry_url: https://components.espressif.com
      type: service
    version: 1.2.1
  idf:
    source:
      type: idf
    version: 5.5.3
  lambage/esp_lcd_touch_ft6336u:
    component_hash: b581c2abc643da397b98d269bb63a6fed8f7efa94df054b00d3e333c387ddb78
    dependencies:
    - name: espressif/esp_lcd_touch
      registry_url: https://components.espressif.com
      require: public
      version: ^1.0.4
    - name: idf
      require: private
      version: '>=4.4.2'
    source:
      registry_url: https://components.espressif.com/
      type: service
    version: 1.0.8
  lvgl/lvgl:
    component_hash: 096c69af22eaf8a2b721e3913da91918c5e6bf1a762a113ec01f401aa61337a0
    dependencies: []
    source:
      registry_url: https://components.espressif.com/
      type: service
    version: 9.2.2
direct_dependencies:
- espressif/esp-modbus
- espressif/esp_lcd_panel_io_additions
- espressif/esp_lcd_st7701
- lambage/esp_lcd_touch_ft6336u
- lvgl/lvgl
manifest_hash: d042d0d3dd8e7e9610dd4c9420b4116f4aa3c982eec05d30c32d272cf96e9a1a
target: esp32s3
version: 2.0.0
